
Microsoft Visual Studio Solution File, Format Version 12.00
# Visual Studio 15
Project("{FAE04EC0-301F-11D3-BF4B-00C04F79EFBC}") = "Assembly-CSharp", "Assembly-CSharp.csproj", "{0FE9A0FC-569D-BC8A-CDFF-E960EDD01010}"
EndProject
Project("{FAE04EC0-301F-11D3-BF4B-00C04F79EFBC}") = "Assembly-CSharp-Editor", "Assembly-CSharp-Editor.csproj", "{B4F27787-FEA5-3A1F-8F9D-D250A185B27B}"
EndProject
Global
	GlobalSection(SolutionConfigurationPlatforms) = preSolution
		Debug|Any CPU = Debug|Any CPU
		Release|Any CPU = Release|Any CPU
	EndGlobalSection
	GlobalSection(ProjectConfigurationPlatforms) = postSolution
		{0FE9A0FC-569D-BC8A-CDFF-E960EDD01010}.Debug|Any CPU.ActiveCfg = Debug|Any CPU
		{0FE9A0FC-569D-BC8A-CDFF-E960EDD01010}.Debug|Any CPU.Build.0 = Debug|Any CPU
		{0FE9A0FC-569D-BC8A-CDFF-E960EDD01010}.Release|Any CPU.ActiveCfg = Release|Any CPU
		{0FE9A0FC-569D-BC8A-CDFF-E960EDD01010}.Release|Any CPU.Build.0 = Release|Any CPU
		{B4F27787-FEA5-3A1F-8F9D-D250A185B27B}.Debug|Any CPU.ActiveCfg = Debug|Any CPU
		{B4F27787-FEA5-3A1F-8F9D-D250A185B27B}.Debug|Any CPU.Build.0 = Debug|Any CPU
		{B4F27787-FEA5-3A1F-8F9D-D250A185B27B}.Release|Any CPU.ActiveCfg = Release|Any CPU
		{B4F27787-FEA5-3A1F-8F9D-D250A185B27B}.Release|Any CPU.Build.0 = Release|Any CPU
	EndGlobalSection
	GlobalSection(SolutionProperties) = preSolution
		HideSolutionNode = FALSE
	EndGlobalSection
EndGlobal
